<?xml version="1.0" encoding="utf-8"?>
<Project ToolsVersion="14.0" xmlns="http://schemas.microsoft.com/developer/msbuild/2003">
  <ItemGroup>
    <Filter Include="Resource Files">
      <UniqueIdentifier>{67DA6AB6-F800-4c08-8B7A-83BB121AAD01}</UniqueIdentifier>
      <Extensions>rc;ico;cur;bmp;dlg;rc2;rct;bin;rgs;gif;jpg;jpeg;jpe;resx;tga;tiff;tif;png;wav;mfcribbon-ms</Extensions>
    </Filter>
    <Filter Include="src">
      <UniqueIdentifier>{4259ffb4-6410-457c-aca1-71d1e48b0779}</UniqueIdentifier>
    </Filter>
    <Filter Include="src\FT_MODULES">
      <UniqueIdentifier>{6797bc96-9df6-45bd-9ce2-3fb6847217fc}</UniqueIdentifier>
    </Filter>
    <Filter Include="headers">
      <UniqueIdentifier>{314e1ea5-323c-4027-8ce9-342e87b9439d}</UniqueIdentifier>
    </Filter>
  </ItemGroup>
  <ItemGroup>
    <ClCompile Include="..\..\..\src\autofit\autofit.c">
      <Filter>src</Filter>
    </ClCompile>
    <ClCompile Include="..\..\..\src\bdf\bdf.c">
      <Filter>src</Filter>
    </ClCompile>
    <ClCompile Include="..\..\..\src\cff\cff.c">
      <Filter>src</Filter>
    </ClCompile>
    <ClCompile Include="..\..\..\src\base\ftbase.c">
      <Filter>src</Filter>
    </ClCompile>
    <ClCompile Include="..\..\..\src\base\ftbitmap.c">
      <Filter>src</Filter>
    </ClCompile>
    <ClCompile Include="..\..\..\src\cache\ftcache.c">
      <Filter>src</Filter>
    </ClCompile>
    <ClCompile Include="ftdebug.c">
      <Filter>src</Filter>
    </ClCompile>
    <ClCompile Include="..\..\..\src\base\ftfstype.c">
      <Filter>src</Filter>
    </ClCompile>
    <ClCompile Include="..\..\..\src\base\ftgasp.c">
      <Filter>src</Filter>
    </ClCompile>
    <ClCompile Include="..\..\..\src\base\ftglyph.c">
      <Filter>src</Filter>
    </ClCompile>
    <ClCompile Include="..\..\..\src\gzip\ftgzip.c">
      <Filter>src</Filter>
    </ClCompile>
    <ClCompile Include="..\..\..\src\base\ftinit.c">
      <Filter>src</Filter>
    </ClCompile>
    <ClCompile Include="..\..\..\src\lzw\ftlzw.c">
      <Filter>src</Filter>
    </ClCompile>
    <ClCompile Include="..\..\..\src\base\ftstroke.c">
      <Filter>src</Filter>
    </ClCompile>
    <ClCompile Include="..\..\..\src\base\ftsystem.c">
      <Filter>src</Filter>
    </ClCompile>
    <ClCompile Include="..\..\..\src\smooth\ftsmooth.c">
      <Filter>src</Filter>
    </ClCompile>
    <ClCompile Include="..\..\..\src\base\ftbbox.c">
      <Filter>src\FT_MODULES</Filter>
    </ClCompile>
    <ClCompile Include="..\..\..\src\base\ftgxval.c">
      <Filter>src\FT_MODULES</Filter>
    </ClCompile>
    <ClCompile Include="..\..\..\src\base\ftlcdfil.c">
      <Filter>src\FT_MODULES</Filter>
    </ClCompile>
    <ClCompile Include="..\..\..\src\base\ftmm.c">
      <Filter>src\FT_MODULES</Filter>
    </ClCompile>
    <ClCompile Include="..\..\..\src\base\ftotval.c">
      <Filter>src\FT_MODULES</Filter>
    </ClCompile>
    <ClCompile Include="..\..\..\src\base\ftpatent.c">
      <Filter>src\FT_MODULES</Filter>
    </ClCompile>
    <ClCompile Include="..\..\..\src\base\ftpfr.c">
      <Filter>src\FT_MODULES</Filter>
    </ClCompile>
    <ClCompile Include="..\..\..\src\base\ftsynth.c">
      <Filter>src\FT_MODULES</Filter>
    </ClCompile>
    <ClCompile Include="..\..\..\src\base\fttype1.c">
      <Filter>src\FT_MODULES</Filter>
    </ClCompile>
    <ClCompile Include="..\..\..\src\base\ftwinfnt.c">
      <Filter>src\FT_MODULES</Filter>
    </ClCompile>
    <ClCompile Include="..\..\..\src\pcf\pcf.c">
      <Filter>src\FT_MODULES</Filter>
    </ClCompile>
    <ClCompile Include="..\..\..\src\pfr\pfr.c">
      <Filter>src\FT_MODULES</Filter>
    </ClCompile>
    <ClCompile Include="..\..\..\src\psaux\psaux.c">
      <Filter>src\FT_MODULES</Filter>
    </ClCompile>
    <ClCompile Include="..\..\..\src\pshinter\pshinter.c">
      <Filter>src\FT_MODULES</Filter>
    </ClCompile>
    <ClCompile Include="..\..\..\src\psnames\psmodule.c">
      <Filter>src\FT_MODULES</Filter>
    </ClCompile>
    <ClCompile Include="..\..\..\src\raster\raster.c">
      <Filter>src\FT_MODULES</Filter>
    </ClCompile>
    <ClCompile Include="..\..\..\src\sfnt\sfnt.c">
      <Filter>src\FT_MODULES</Filter>
    </ClCompile>
    <ClCompile Include="..\..\..\src\truetype\truetype.c">
      <Filter>src\FT_MODULES</Filter>
    </ClCompile>
    <ClCompile Include="..\..\..\src\type1\type1.c">
      <Filter>src\FT_MODULES</Filter>
    </ClCompile>
    <ClCompile Include="..\..\..\src\cid\type1cid.c">
      <Filter>src\FT_MODULES</Filter>
    </ClCompile>
    <ClCompile Include="..\..\..\src\type42\type42.c">
      <Filter>src\FT_MODULES</Filter>
    </ClCompile>
    <ClCompile Include="..\..\..\src\winfonts\winfnt.c">
      <Filter>src\FT_MODULES</Filter>
    </ClCompile>
    <ClCompile Include="..\..\..\src\smooth\ftgrays.c">
      <Filter>src</Filter>
    </ClCompile>
  </ItemGroup>
  <ItemGroup>
    <ClInclude Include="..\..\..\include\ft2build.h">
      <Filter>headers</Filter>
    </ClInclude>
    <ClInclude Include="..\..\..\include\freetype\config\ftconfig.h">
      <Filter>headers</Filter>
    </ClInclude>
    <ClInclude Include="..\..\..\include\freetype\config\ftheader.h">
      <Filter>headers</Filter>
    </ClInclude>
    <ClInclude Include="..\..\..\include\freetype\config\ftoption.h">
      <Filter>headers</Filter>
    </ClInclude>
    <ClInclude Include="..\..\..\include\freetype\config\ftstdlib.h">
      <Filter>headers</Filter>
    </ClInclude>
    <ClInclude Include="..\..\..\include\freetype\config\ftmodule.h">
      <Filter>headers</Filter>
    </ClInclude>
    <ClInclude Include="..\..\..\src\smooth\ftgrays.h">
      <Filter>src</Filter>
    </ClInclude>
  </ItemGroup>
</Project>